
Microsoft Visual Studio Solution File, Format Version 12.00
# Visual Studio Version 16
VisualStudioVersion = 16.0.29709.97
MinimumVisualStudioVersion = 10.0.40219.1
Project("{FAE04EC0-301F-11D3-BF4B-00C04F79EFBC}") = "OpenReport", "OpenReport.csproj", "{38777B43-4CE0-43F3-8FBC-BBA1BD7FE207}"
EndProject
Project("{FAE04EC0-301F-11D3-BF4B-00C04F79EFBC}") = "OpenReportTest", "..\OpenReportTest\OpenReportTest.csproj", "{C8B93F2C-6D61-4892-9373-7CA653E398F2}"
EndProject
Global
	GlobalSection(SolutionConfigurationPlatforms) = preSolution
		Debug|Any CPU = Debug|Any CPU
		Release|Any CPU = Release|Any CPU
	EndGlobalSection
	GlobalSection(ProjectConfigurationPlatforms) = postSolution
		{38777B43-4CE0-43F3-8FBC-BBA1BD7FE207}.Debug|Any CPU.ActiveCfg = Debug|Any CPU
		{38777B43-4CE0-43F3-8FBC-BBA1BD7FE207}.Debug|Any CPU.Build.0 = Debug|Any CPU
		{38777B43-4CE0-43F3-8FBC-BBA1BD7FE207}.Release|Any CPU.ActiveCfg = Release|Any CPU
		{38777B43-4CE0-43F3-8FBC-BBA1BD7FE207}.Release|Any CPU.Build.0 = Release|Any CPU
		{C8B93F2C-6D61-4892-9373-7CA653E398F2}.Debug|Any CPU.ActiveCfg = Debug|Any CPU
		{C8B93F2C-6D61-4892-9373-7CA653E398F2}.Debug|Any CPU.Build.0 = Debug|Any CPU
		{C8B93F2C-6D61-4892-9373-7CA653E398F2}.Release|Any CPU.ActiveCfg = Release|Any CPU
		{C8B93F2C-6D61-4892-9373-7CA653E398F2}.Release|Any CPU.Build.0 = Release|Any CPU
	EndGlobalSection
	GlobalSection(SolutionProperties) = preSolution
		HideSolutionNode = FALSE
	EndGlobalSection
	GlobalSection(ExtensibilityGlobals) = postSolution
		SolutionGuid = {DFD6B94E-05A1-42C2-A79B-7B7B0F33B784}
	EndGlobalSection
EndGlobal
